
Microsoft Visual Studio Solution File, Format Version 12.00
# Visual Studio 2013
VisualStudioVersion = 12.0.40121.0
MinimumVisualStudioVersion = 10.0.40219.1
Project("{FAE04EC0-301F-11D3-BF4B-00C04F79EFBC}") = "HCI.Reasoner", "MathCog.UserBehavior\HCI.Reasoner.csproj", "{5FB8129D-7CB8-43E7-8040-5D9792144800}"
EndProject
Project("{FAE04EC0-301F-11D3-BF4B-00C04F79EFBC}") = "BehaviorGraph", "BehaviorGraph\BehaviorGraph.csproj", "{04C2D8D4-0898-45BE-AE27-ADD9079D41DC}"
EndProject
Project("{FAE04EC0-301F-11D3-BF4B-00C04F79EFBC}") = "BehaviorGraph.UserData", "BehaviorGraph.UserData\BehaviorGraph.UserData.csproj", "{0080F99E-2D44-42A4-82B1-9E2BE1B19587}"
EndProject
Project("{2150E333-8FDC-42A3-9474-1A3956D46DE8}") = "Cognitive.Tutor", "Cognitive.Tutor", "{3E94C3E3-D980-4D48-9A53-5928BDB17D58}"
EndProject
Project("{2150E333-8FDC-42A3-9474-1A3956D46DE8}") = "PEG", "PEG", "{9AEE99FE-3096-4B3C-BFBC-578D36802640}"
EndProject
Project("{FAE04EC0-301F-11D3-BF4B-00C04F79EFBC}") = "MathCog", "MathCog\MathCog\MathCog.csproj", "{71ED2833-DDD7-43D4-8BDF-23FBB83D000C}"
EndProject
Project("{FAE04EC0-301F-11D3-BF4B-00C04F79EFBC}") = "CSharpLogic", "MathCog\Relation.Logic\CSharp.Logic\CSharpLogic.csproj", "{B6AE1355-89F0-4ECB-83AC-B3B5118A6E4E}"
EndProject
Project("{FAE04EC0-301F-11D3-BF4B-00C04F79EFBC}") = "Expr", "MathCog\ParsingExpressionGrammar\Expr\Expr.csproj", "{EFF3E46C-89CB-4E15-84D3-BF7CE0D72B4B}"
EndProject
Project("{FAE04EC0-301F-11D3-BF4B-00C04F79EFBC}") = "Expr.Reify", "MathCog\ParsingExpressionGrammar\Expr.Reify\Expr.Reify.csproj", "{0646D21E-DB97-480D-BDD3-F0A783F2BC84}"
EndProject
Project("{FAE04EC0-301F-11D3-BF4B-00C04F79EFBC}") = "Expr.Unify", "MathCog\ParsingExpressionGrammar\Expr.Unify\Expr.Unify.csproj", "{C4F74BBB-98D6-462F-9D63-2590F646B9D3}"
EndProject
Project("{F2A71F9B-5D33-465A-A702-920D77279786}") = "ExprMathML", "MathCog\ParsingExpressionGrammar\ExprMathML\ExprMathML.fsproj", "{3A21B2D0-02CB-4B1F-A9CC-1484F00EB4E4}"
EndProject
Project("{F2A71F9B-5D33-465A-A702-920D77279786}") = "ExprText", "MathCog\ParsingExpressionGrammar\ExprText\ExprText.fsproj", "{3D169BB6-4E9A-4757-A82C-E9A20A8F7A94}"
EndProject
Project("{F2A71F9B-5D33-465A-A702-920D77279786}") = "ExprTransform", "MathCog\ParsingExpressionGrammar\ExprTransform\ExprTransform.fsproj", "{B687B78F-FCEE-4D33-9C18-EA3EE3B3CEA2}"
EndProject
Project("{FAE04EC0-301F-11D3-BF4B-00C04F79EFBC}") = "Unicode", "MathCog\ParsingExpressionGrammar\Unicode\Unicode.csproj", "{BEF41126-6DAC-4589-8DA5-21DD9FB06911}"
EndProject
Project("{FAE04EC0-301F-11D3-BF4B-00C04F79EFBC}") = "BehaviorAnalytics", "BehaviorAnalytics\BehaviorAnalytics.csproj", "{A01DEC5C-1EC3-4FA4-8A8A-29AF6739583D}"
EndProject
Project("{2150E333-8FDC-42A3-9474-1A3956D46DE8}") = "BehaviorAnalytic", "BehaviorAnalytic", "{BCFCD676-8880-48E8-9E5B-97EC6DE8D101}"
EndProject
Project("{2150E333-8FDC-42A3-9474-1A3956D46DE8}") = "ModelTracing", "ModelTracing", "{AC1CBE1A-0029-4744-82BF-DFC3756B2A8A}"
EndProject
Project("{FAE04EC0-301F-11D3-BF4B-00C04F79EFBC}") = "MathIO", "Math.IO\Math.IO\Math.IO\MathIO.csproj", "{13D8A154-5291-4E11-9DAB-9E268CDD9FED}"
EndProject
Project("{2150E333-8FDC-42A3-9474-1A3956D46DE8}") = "Solution Items", "Solution Items", "{297F7548-B9A6-41C6-8621-CE13C22270BC}"
	ProjectSection(SolutionItems) = preProject
		README.md = README.md
	EndProjectSection
EndProject
Project("{FAE04EC0-301F-11D3-BF4B-00C04F79EFBC}") = "RelationLogic", "MathCog\Relation.Logic\RelationLogic.csproj", "{37FF5773-06AE-41C1-BB0F-B7FE22FC874B}"
EndProject
Project("{FAE04EC0-301F-11D3-BF4B-00C04F79EFBC}") = "VisualAnalytics", "Math.IO\Math.IO\VisualAnalytics\VisualAnalytics.csproj", "{40FEBEBD-4EB7-4960-8379-3E21BB5D6938}"
EndProject
Global
	GlobalSection(SolutionConfigurationPlatforms) = preSolution
		Debug|Any CPU = Debug|Any CPU
		Release|Any CPU = Release|Any CPU
	EndGlobalSection
	GlobalSection(ProjectConfigurationPlatforms) = postSolution
		{5FB8129D-7CB8-43E7-8040-5D9792144800}.Debug|Any CPU.ActiveCfg = Debug|Any CPU
		{5FB8129D-7CB8-43E7-8040-5D9792144800}.Debug|Any CPU.Build.0 = Debug|Any CPU
		{5FB8129D-7CB8-43E7-8040-5D9792144800}.Release|Any CPU.ActiveCfg = Release|Any CPU
		{5FB8129D-7CB8-43E7-8040-5D9792144800}.Release|Any CPU.Build.0 = Release|Any CPU
		{04C2D8D4-0898-45BE-AE27-ADD9079D41DC}.Debug|Any CPU.ActiveCfg = Debug|Any CPU
		{04C2D8D4-0898-45BE-AE27-ADD9079D41DC}.Debug|Any CPU.Build.0 = Debug|Any CPU
		{04C2D8D4-0898-45BE-AE27-ADD9079D41DC}.Release|Any CPU.ActiveCfg = Release|Any CPU
		{04C2D8D4-0898-45BE-AE27-ADD9079D41DC}.Release|Any CPU.Build.0 = Release|Any CPU
		{0080F99E-2D44-42A4-82B1-9E2BE1B19587}.Debug|Any CPU.ActiveCfg = Debug|Any CPU
		{0080F99E-2D44-42A4-82B1-9E2BE1B19587}.Debug|Any CPU.Build.0 = Debug|Any CPU
		{0080F99E-2D44-42A4-82B1-9E2BE1B19587}.Release|Any CPU.ActiveCfg = Release|Any CPU
		{0080F99E-2D44-42A4-82B1-9E2BE1B19587}.Release|Any CPU.Build.0 = Release|Any CPU
		{71ED2833-DDD7-43D4-8BDF-23FBB83D000C}.Debug|Any CPU.ActiveCfg = Debug|Any CPU
		{71ED2833-DDD7-43D4-8BDF-23FBB83D000C}.Debug|Any CPU.Build.0 = Debug|Any CPU
		{71ED2833-DDD7-43D4-8BDF-23FBB83D000C}.Release|Any CPU.ActiveCfg = Release|Any CPU
		{71ED2833-DDD7-43D4-8BDF-23FBB83D000C}.Release|Any CPU.Build.0 = Release|Any CPU
		{B6AE1355-89F0-4ECB-83AC-B3B5118A6E4E}.Debug|Any CPU.ActiveCfg = Debug|Any CPU
		{B6AE1355-89F0-4ECB-83AC-B3B5118A6E4E}.Debug|Any CPU.Build.0 = Debug|Any CPU
		{B6AE1355-89F0-4ECB-83AC-B3B5118A6E4E}.Release|Any CPU.ActiveCfg = Release|Any CPU
		{B6AE1355-89F0-4ECB-83AC-B3B5118A6E4E}.Release|Any CPU.Build.0 = Release|Any CPU
		{EFF3E46C-89CB-4E15-84D3-BF7CE0D72B4B}.Debug|Any CPU.ActiveCfg = Debug|Any CPU
		{EFF3E46C-89CB-4E15-84D3-BF7CE0D72B4B}.Debug|Any CPU.Build.0 = Debug|Any CPU
		{EFF3E46C-89CB-4E15-84D3-BF7CE0D72B4B}.Release|Any CPU.ActiveCfg = Release|Any CPU
		{EFF3E46C-89CB-4E15-84D3-BF7CE0D72B4B}.Release|Any CPU.Build.0 = Release|Any CPU
		{0646D21E-DB97-480D-BDD3-F0A783F2BC84}.Debug|Any CPU.ActiveCfg = Debug|Any CPU
		{0646D21E-DB97-480D-BDD3-F0A783F2BC84}.Debug|Any CPU.Build.0 = Debug|Any CPU
		{0646D21E-DB97-480D-BDD3-F0A783F2BC84}.Release|Any CPU.ActiveCfg = Release|Any CPU
		{0646D21E-DB97-480D-BDD3-F0A783F2BC84}.Release|Any CPU.Build.0 = Release|Any CPU
		{C4F74BBB-98D6-462F-9D63-2590F646B9D3}.Debug|Any CPU.ActiveCfg = Debug|Any CPU
		{C4F74BBB-98D6-462F-9D63-2590F646B9D3}.Debug|Any CPU.Build.0 = Debug|Any CPU
		{C4F74BBB-98D6-462F-9D63-2590F646B9D3}.Release|Any CPU.ActiveCfg = Release|Any CPU
		{C4F74BBB-98D6-462F-9D63-2590F646B9D3}.Release|Any CPU.Build.0 = Release|Any CPU
		{3A21B2D0-02CB-4B1F-A9CC-1484F00EB4E4}.Debug|Any CPU.ActiveCfg = Debug|Any CPU
		{3A21B2D0-02CB-4B1F-A9CC-1484F00EB4E4}.Debug|Any CPU.Build.0 = Debug|Any CPU
		{3A21B2D0-02CB-4B1F-A9CC-1484F00EB4E4}.Release|Any CPU.ActiveCfg = Release|Any CPU
		{3A21B2D0-02CB-4B1F-A9CC-1484F00EB4E4}.Release|Any CPU.Build.0 = Release|Any CPU
		{3D169BB6-4E9A-4757-A82C-E9A20A8F7A94}.Debug|Any CPU.ActiveCfg = Debug|Any CPU
		{3D169BB6-4E9A-4757-A82C-E9A20A8F7A94}.Debug|Any CPU.Build.0 = Debug|Any CPU
		{3D169BB6-4E9A-4757-A82C-E9A20A8F7A94}.Release|Any CPU.ActiveCfg = Release|Any CPU
		{3D169BB6-4E9A-4757-A82C-E9A20A8F7A94}.Release|Any CPU.Build.0 = Release|Any CPU
		{B687B78F-FCEE-4D33-9C18-EA3EE3B3CEA2}.Debug|Any CPU.ActiveCfg = Debug|Any CPU
		{B687B78F-FCEE-4D33-9C18-EA3EE3B3CEA2}.Debug|Any CPU.Build.0 = Debug|Any CPU
		{B687B78F-FCEE-4D33-9C18-EA3EE3B3CEA2}.Release|Any CPU.ActiveCfg = Release|Any CPU
		{B687B78F-FCEE-4D33-9C18-EA3EE3B3CEA2}.Release|Any CPU.Build.0 = Release|Any CPU
		{BEF41126-6DAC-4589-8DA5-21DD9FB06911}.Debug|Any CPU.ActiveCfg = Debug|Any CPU
		{BEF41126-6DAC-4589-8DA5-21DD9FB06911}.Debug|Any CPU.Build.0 = Debug|Any CPU
		{BEF41126-6DAC-4589-8DA5-21DD9FB06911}.Release|Any CPU.ActiveCfg = Release|Any CPU
		{BEF41126-6DAC-4589-8DA5-21DD9FB06911}.Release|Any CPU.Build.0 = Release|Any CPU
		{A01DEC5C-1EC3-4FA4-8A8A-29AF6739583D}.Debug|Any CPU.ActiveCfg = Debug|Any CPU
		{A01DEC5C-1EC3-4FA4-8A8A-29AF6739583D}.Debug|Any CPU.Build.0 = Debug|Any CPU
		{A01DEC5C-1EC3-4FA4-8A8A-29AF6739583D}.Release|Any CPU.ActiveCfg = Release|Any CPU
		{A01DEC5C-1EC3-4FA4-8A8A-29AF6739583D}.Release|Any CPU.Build.0 = Release|Any CPU
		{13D8A154-5291-4E11-9DAB-9E268CDD9FED}.Debug|Any CPU.ActiveCfg = Debug|Any CPU
		{13D8A154-5291-4E11-9DAB-9E268CDD9FED}.Debug|Any CPU.Build.0 = Debug|Any CPU
		{13D8A154-5291-4E11-9DAB-9E268CDD9FED}.Release|Any CPU.ActiveCfg = Release|Any CPU
		{13D8A154-5291-4E11-9DAB-9E268CDD9FED}.Release|Any CPU.Build.0 = Release|Any CPU
		{37FF5773-06AE-41C1-BB0F-B7FE22FC874B}.Debug|Any CPU.ActiveCfg = Debug|Any CPU
		{37FF5773-06AE-41C1-BB0F-B7FE22FC874B}.Debug|Any CPU.Build.0 = Debug|Any CPU
		{37FF5773-06AE-41C1-BB0F-B7FE22FC874B}.Release|Any CPU.ActiveCfg = Release|Any CPU
		{37FF5773-06AE-41C1-BB0F-B7FE22FC874B}.Release|Any CPU.Build.0 = Release|Any CPU
		{40FEBEBD-4EB7-4960-8379-3E21BB5D6938}.Debug|Any CPU.ActiveCfg = Debug|Any CPU
		{40FEBEBD-4EB7-4960-8379-3E21BB5D6938}.Debug|Any CPU.Build.0 = Debug|Any CPU
		{40FEBEBD-4EB7-4960-8379-3E21BB5D6938}.Release|Any CPU.ActiveCfg = Release|Any CPU
		{40FEBEBD-4EB7-4960-8379-3E21BB5D6938}.Release|Any CPU.Build.0 = Release|Any CPU
	EndGlobalSection
	GlobalSection(SolutionProperties) = preSolution
		HideSolutionNode = FALSE
	EndGlobalSection
	GlobalSection(NestedProjects) = preSolution
		{04C2D8D4-0898-45BE-AE27-ADD9079D41DC} = {AC1CBE1A-0029-4744-82BF-DFC3756B2A8A}
		{0080F99E-2D44-42A4-82B1-9E2BE1B19587} = {AC1CBE1A-0029-4744-82BF-DFC3756B2A8A}
		{9AEE99FE-3096-4B3C-BFBC-578D36802640} = {3E94C3E3-D980-4D48-9A53-5928BDB17D58}
		{71ED2833-DDD7-43D4-8BDF-23FBB83D000C} = {3E94C3E3-D980-4D48-9A53-5928BDB17D58}
		{B6AE1355-89F0-4ECB-83AC-B3B5118A6E4E} = {3E94C3E3-D980-4D48-9A53-5928BDB17D58}
		{EFF3E46C-89CB-4E15-84D3-BF7CE0D72B4B} = {9AEE99FE-3096-4B3C-BFBC-578D36802640}
		{0646D21E-DB97-480D-BDD3-F0A783F2BC84} = {9AEE99FE-3096-4B3C-BFBC-578D36802640}
		{C4F74BBB-98D6-462F-9D63-2590F646B9D3} = {9AEE99FE-3096-4B3C-BFBC-578D36802640}
		{3A21B2D0-02CB-4B1F-A9CC-1484F00EB4E4} = {9AEE99FE-3096-4B3C-BFBC-578D36802640}
		{3D169BB6-4E9A-4757-A82C-E9A20A8F7A94} = {9AEE99FE-3096-4B3C-BFBC-578D36802640}
		{B687B78F-FCEE-4D33-9C18-EA3EE3B3CEA2} = {9AEE99FE-3096-4B3C-BFBC-578D36802640}
		{BEF41126-6DAC-4589-8DA5-21DD9FB06911} = {9AEE99FE-3096-4B3C-BFBC-578D36802640}
		{A01DEC5C-1EC3-4FA4-8A8A-29AF6739583D} = {BCFCD676-8880-48E8-9E5B-97EC6DE8D101}
		{13D8A154-5291-4E11-9DAB-9E268CDD9FED} = {BCFCD676-8880-48E8-9E5B-97EC6DE8D101}
		{37FF5773-06AE-41C1-BB0F-B7FE22FC874B} = {3E94C3E3-D980-4D48-9A53-5928BDB17D58}
		{40FEBEBD-4EB7-4960-8379-3E21BB5D6938} = {BCFCD676-8880-48E8-9E5B-97EC6DE8D101}
	EndGlobalSection
EndGlobal
